
Microsoft Visual Studio Solution File, Format Version 12.00
# Visual Studio Version 16
VisualStudioVersion = 16.6.30114.105
MinimumVisualStudioVersion = 10.0.40219.1
Project("{2150E333-8FDC-42A3-9474-1A3956D46DE8}") = "src", "src", "{C0043DDA-B669-4294-B93F-C4773F7B8428}"
EndProject
Project("{FAE04EC0-301F-11D3-BF4B-00C04F79EFBC}") = "BandAccountManager.Core", "src\BandAccountManager.Core\BandAccountManager.Core.csproj", "{21B8BF36-E126-4FEB-B681-700F94CC6983}"
EndProject
Project("{2150E333-8FDC-42A3-9474-1A3956D46DE8}") = "Infrastructure", "Infrastructure", "{C2E3DBA4-D400-4C61-A2CA-0A46307A1625}"
EndProject
Project("{2150E333-8FDC-42A3-9474-1A3956D46DE8}") = "Presentation", "Presentation", "{DD79D29A-3265-4344-8657-0B3B628F3CD7}"
EndProject
Project("{FAE04EC0-301F-11D3-BF4B-00C04F79EFBC}") = "BandAccountManager.BlazorApp.Server", "src\BandAccountManager.BlazorApp\Server\BandAccountManager.BlazorApp.Server.csproj", "{A69FBF19-46A4-4EE1-9C0D-8609C93B5C52}"
EndProject
Project("{FAE04EC0-301F-11D3-BF4B-00C04F79EFBC}") = "BandAccountManager.BlazorApp.Client", "src\BandAccountManager.BlazorApp\Client\BandAccountManager.BlazorApp.Client.csproj", "{6180AF90-84B5-4498-BBEB-89A91ACA916C}"
EndProject
Project("{FAE04EC0-301F-11D3-BF4B-00C04F79EFBC}") = "BandAccountManager.BlazorApp.Shared", "src\BandAccountManager.BlazorApp\Shared\BandAccountManager.BlazorApp.Shared.csproj", "{7B0D3E62-865F-4C02-9A04-BC6FC9A0AB64}"
EndProject
Global
	GlobalSection(SolutionConfigurationPlatforms) = preSolution
		Debug|Any CPU = Debug|Any CPU
		Debug|x64 = Debug|x64
		Debug|x86 = Debug|x86
		Release|Any CPU = Release|Any CPU
		Release|x64 = Release|x64
		Release|x86 = Release|x86
	EndGlobalSection
	GlobalSection(ProjectConfigurationPlatforms) = postSolution
		{21B8BF36-E126-4FEB-B681-700F94CC6983}.Debug|Any CPU.ActiveCfg = Debug|Any CPU
		{21B8BF36-E126-4FEB-B681-700F94CC6983}.Debug|Any CPU.Build.0 = Debug|Any CPU
		{21B8BF36-E126-4FEB-B681-700F94CC6983}.Debug|x64.ActiveCfg = Debug|Any CPU
		{21B8BF36-E126-4FEB-B681-700F94CC6983}.Debug|x64.Build.0 = Debug|Any CPU
		{21B8BF36-E126-4FEB-B681-700F94CC6983}.Debug|x86.ActiveCfg = Debug|Any CPU
		{21B8BF36-E126-4FEB-B681-700F94CC6983}.Debug|x86.Build.0 = Debug|Any CPU
		{21B8BF36-E126-4FEB-B681-700F94CC6983}.Release|Any CPU.ActiveCfg = Release|Any CPU
		{21B8BF36-E126-4FEB-B681-700F94CC6983}.Release|Any CPU.Build.0 = Release|Any CPU
		{21B8BF36-E126-4FEB-B681-700F94CC6983}.Release|x64.ActiveCfg = Release|Any CPU
		{21B8BF36-E126-4FEB-B681-700F94CC6983}.Release|x64.Build.0 = Release|Any CPU
		{21B8BF36-E126-4FEB-B681-700F94CC6983}.Release|x86.ActiveCfg = Release|Any CPU
		{21B8BF36-E126-4FEB-B681-700F94CC6983}.Release|x86.Build.0 = Release|Any CPU
		{A69FBF19-46A4-4EE1-9C0D-8609C93B5C52}.Debug|Any CPU.ActiveCfg = Debug|Any CPU
		{A69FBF19-46A4-4EE1-9C0D-8609C93B5C52}.Debug|Any CPU.Build.0 = Debug|Any CPU
		{A69FBF19-46A4-4EE1-9C0D-8609C93B5C52}.Debug|x64.ActiveCfg = Debug|Any CPU
		{A69FBF19-46A4-4EE1-9C0D-8609C93B5C52}.Debug|x64.Build.0 = Debug|Any CPU
		{A69FBF19-46A4-4EE1-9C0D-8609C93B5C52}.Debug|x86.ActiveCfg = Debug|Any CPU
		{A69FBF19-46A4-4EE1-9C0D-8609C93B5C52}.Debug|x86.Build.0 = Debug|Any CPU
		{A69FBF19-46A4-4EE1-9C0D-8609C93B5C52}.Release|Any CPU.ActiveCfg = Release|Any CPU
		{A69FBF19-46A4-4EE1-9C0D-8609C93B5C52}.Release|Any CPU.Build.0 = Release|Any CPU
		{A69FBF19-46A4-4EE1-9C0D-8609C93B5C52}.Release|x64.ActiveCfg = Release|Any CPU
		{A69FBF19-46A4-4EE1-9C0D-8609C93B5C52}.Release|x64.Build.0 = Release|Any CPU
		{A69FBF19-46A4-4EE1-9C0D-8609C93B5C52}.Release|x86.ActiveCfg = Release|Any CPU
		{A69FBF19-46A4-4EE1-9C0D-8609C93B5C52}.Release|x86.Build.0 = Release|Any CPU
		{6180AF90-84B5-4498-BBEB-89A91ACA916C}.Debug|Any CPU.ActiveCfg = Debug|Any CPU
		{6180AF90-84B5-4498-BBEB-89A91ACA916C}.Debug|Any CPU.Build.0 = Debug|Any CPU
		{6180AF90-84B5-4498-BBEB-89A91ACA916C}.Debug|x64.ActiveCfg = Debug|Any CPU
		{6180AF90-84B5-4498-BBEB-89A91ACA916C}.Debug|x64.Build.0 = Debug|Any CPU
		{6180AF90-84B5-4498-BBEB-89A91ACA916C}.Debug|x86.ActiveCfg = Debug|Any CPU
		{6180AF90-84B5-4498-BBEB-89A91ACA916C}.Debug|x86.Build.0 = Debug|Any CPU
		{6180AF90-84B5-4498-BBEB-89A91ACA916C}.Release|Any CPU.ActiveCfg = Release|Any CPU
		{6180AF90-84B5-4498-BBEB-89A91ACA916C}.Release|Any CPU.Build.0 = Release|Any CPU
		{6180AF90-84B5-4498-BBEB-89A91ACA916C}.Release|x64.ActiveCfg = Release|Any CPU
		{6180AF90-84B5-4498-BBEB-89A91ACA916C}.Release|x64.Build.0 = Release|Any CPU
		{6180AF90-84B5-4498-BBEB-89A91ACA916C}.Release|x86.ActiveCfg = Release|Any CPU
		{6180AF90-84B5-4498-BBEB-89A91ACA916C}.Release|x86.Build.0 = Release|Any CPU
		{7B0D3E62-865F-4C02-9A04-BC6FC9A0AB64}.Debug|Any CPU.ActiveCfg = Debug|Any CPU
		{7B0D3E62-865F-4C02-9A04-BC6FC9A0AB64}.Debug|Any CPU.Build.0 = Debug|Any CPU
		{7B0D3E62-865F-4C02-9A04-BC6FC9A0AB64}.Debug|x64.ActiveCfg = Debug|Any CPU
		{7B0D3E62-865F-4C02-9A04-BC6FC9A0AB64}.Debug|x64.Build.0 = Debug|Any CPU
		{7B0D3E62-865F-4C02-9A04-BC6FC9A0AB64}.Debug|x86.ActiveCfg = Debug|Any CPU
		{7B0D3E62-865F-4C02-9A04-BC6FC9A0AB64}.Debug|x86.Build.0 = Debug|Any CPU
		{7B0D3E62-865F-4C02-9A04-BC6FC9A0AB64}.Release|Any CPU.ActiveCfg = Release|Any CPU
		{7B0D3E62-865F-4C02-9A04-BC6FC9A0AB64}.Release|Any CPU.Build.0 = Release|Any CPU
		{7B0D3E62-865F-4C02-9A04-BC6FC9A0AB64}.Release|x64.ActiveCfg = Release|Any CPU
		{7B0D3E62-865F-4C02-9A04-BC6FC9A0AB64}.Release|x64.Build.0 = Release|Any CPU
		{7B0D3E62-865F-4C02-9A04-BC6FC9A0AB64}.Release|x86.ActiveCfg = Release|Any CPU
		{7B0D3E62-865F-4C02-9A04-BC6FC9A0AB64}.Release|x86.Build.0 = Release|Any CPU
	EndGlobalSection
	GlobalSection(SolutionProperties) = preSolution
		HideSolutionNode = FALSE
	EndGlobalSection
	GlobalSection(NestedProjects) = preSolution
		{21B8BF36-E126-4FEB-B681-700F94CC6983} = {C0043DDA-B669-4294-B93F-C4773F7B8428}
		{C2E3DBA4-D400-4C61-A2CA-0A46307A1625} = {C0043DDA-B669-4294-B93F-C4773F7B8428}
		{DD79D29A-3265-4344-8657-0B3B628F3CD7} = {C0043DDA-B669-4294-B93F-C4773F7B8428}
		{A69FBF19-46A4-4EE1-9C0D-8609C93B5C52} = {DD79D29A-3265-4344-8657-0B3B628F3CD7}
		{6180AF90-84B5-4498-BBEB-89A91ACA916C} = {DD79D29A-3265-4344-8657-0B3B628F3CD7}
		{7B0D3E62-865F-4C02-9A04-BC6FC9A0AB64} = {DD79D29A-3265-4344-8657-0B3B628F3CD7}
	EndGlobalSection
	GlobalSection(ExtensibilityGlobals) = postSolution
		SolutionGuid = {6F7405F8-093C-4953-896E-1CDFCB3DD174}
	EndGlobalSection
EndGlobal
